
Microsoft Visual Studio Solution File, Format Version 12.00
# Visual Studio Version 18
VisualStudioVersion = 18.6.11819.183
MinimumVisualStudioVersion = 10.0.40219.1
Project("{FAE04EC0-301F-11D3-BF4B-00C04F79EFBC}") = "PersonService.Application", "PersonService.Application\PersonService.Application.csproj", "{6655E412-85C5-4889-89CA-E26F12461E8E}"
EndProject
Project("{FAE04EC0-301F-11D3-BF4B-00C04F79EFBC}") = "PersonService.Domain", "PersonService.Domain\PersonService.Domain.csproj", "{57A123E7-9361-432F-ACD3-0BD3EC2AA3D9}"
EndProject
Project("{FAE04EC0-301F-11D3-BF4B-00C04F79EFBC}") = "PersonService.Infrastructure", "PersonService.Infrastructure\PersonService.Infrastructure.csproj", "{3D07D276-E548-4036-A679-41F41A528A91}"
EndProject
Project("{FAE04EC0-301F-11D3-BF4B-00C04F79EFBC}") = "PersonService.Api", "PersonService.Api\PersonService.Api.csproj", "{D2DF1FE0-12AF-44CA-ACA3-D7FA94119EBA}"
EndProject
Project("{FAE04EC0-301F-11D3-BF4B-00C04F79EFBC}") = "PersonService.Contracts", "PersonService.Contracts\PersonService.Contracts.csproj", "{E7DFB97C-1B01-4F57-82C4-57283D01B400}"
EndProject
Project("{FAE04EC0-301F-11D3-BF4B-00C04F79EFBC}") = "PersonService.Client.Api", "PersonService.Client.Api\PersonService.Client.Api.csproj", "{694C12B9-FD23-4391-983B-6E95AADC0440}"
EndProject
Project("{FAE04EC0-301F-11D3-BF4B-00C04F79EFBC}") = "PersonService.Tests", "PersonService.Tests\PersonService.Tests.csproj", "{27D71432-3939-4E8C-B96B-A2CA65E190C0}"
EndProject
Project("{FAE04EC0-301F-11D3-BF4B-00C04F79EFBC}") = "PersonService.IntegrationTests", "PersonService.IntegrationTests\PersonService.IntegrationTests.csproj", "{9281EA2C-F9CF-42E4-8E0A-0DFD0072286E}"
EndProject
Global
	GlobalSection(SolutionConfigurationPlatforms) = preSolution
		Debug|Any CPU = Debug|Any CPU
		Debug|x64 = Debug|x64
		Debug|x86 = Debug|x86
		Release|Any CPU = Release|Any CPU
		Release|x64 = Release|x64
		Release|x86 = Release|x86
	EndGlobalSection
	GlobalSection(ProjectConfigurationPlatforms) = postSolution
		{6655E412-85C5-4889-89CA-E26F12461E8E}.Debug|Any CPU.ActiveCfg = Debug|Any CPU
		{6655E412-85C5-4889-89CA-E26F12461E8E}.Debug|Any CPU.Build.0 = Debug|Any CPU
		{6655E412-85C5-4889-89CA-E26F12461E8E}.Debug|x64.ActiveCfg = Debug|Any CPU
		{6655E412-85C5-4889-89CA-E26F12461E8E}.Debug|x64.Build.0 = Debug|Any CPU
		{6655E412-85C5-4889-89CA-E26F12461E8E}.Debug|x86.ActiveCfg = Debug|Any CPU
		{6655E412-85C5-4889-89CA-E26F12461E8E}.Debug|x86.Build.0 = Debug|Any CPU
		{6655E412-85C5-4889-89CA-E26F12461E8E}.Release|Any CPU.ActiveCfg = Release|Any CPU
		{6655E412-85C5-4889-89CA-E26F12461E8E}.Release|Any CPU.Build.0 = Release|Any CPU
		{6655E412-85C5-4889-89CA-E26F12461E8E}.Release|x64.ActiveCfg = Release|Any CPU
		{6655E412-85C5-4889-89CA-E26F12461E8E}.Release|x64.Build.0 = Release|Any CPU
		{6655E412-85C5-4889-89CA-E26F12461E8E}.Release|x86.ActiveCfg = Release|Any CPU
		{6655E412-85C5-4889-89CA-E26F12461E8E}.Release|x86.Build.0 = Release|Any CPU
		{57A123E7-9361-432F-ACD3-0BD3EC2AA3D9}.Debug|Any CPU.ActiveCfg = Debug|Any CPU
		{57A123E7-9361-432F-ACD3-0BD3EC2AA3D9}.Debug|Any CPU.Build.0 = Debug|Any CPU
		{57A123E7-9361-432F-ACD3-0BD3EC2AA3D9}.Debug|x64.ActiveCfg = Debug|Any CPU
		{57A123E7-9361-432F-ACD3-0BD3EC2AA3D9}.Debug|x64.Build.0 = Debug|Any CPU
		{57A123E7-9361-432F-ACD3-0BD3EC2AA3D9}.Debug|x86.ActiveCfg = Debug|Any CPU
		{57A123E7-9361-432F-ACD3-0BD3EC2AA3D9}.Debug|x86.Build.0 = Debug|Any CPU
		{57A123E7-9361-432F-ACD3-0BD3EC2AA3D9}.Release|Any CPU.ActiveCfg = Release|Any CPU
		{57A123E7-9361-432F-ACD3-0BD3EC2AA3D9}.Release|Any CPU.Build.0 = Release|Any CPU
		{57A123E7-9361-432F-ACD3-0BD3EC2AA3D9}.Release|x64.ActiveCfg = Release|Any CPU
		{57A123E7-9361-432F-ACD3-0BD3EC2AA3D9}.Release|x64.Build.0 = Release|Any CPU
		{57A123E7-9361-432F-ACD3-0BD3EC2AA3D9}.Release|x86.ActiveCfg = Release|Any CPU
		{57A123E7-9361-432F-ACD3-0BD3EC2AA3D9}.Release|x86.Build.0 = Release|Any CPU
		{3D07D276-E548-4036-A679-41F41A528A91}.Debug|Any CPU.ActiveCfg = Debug|Any CPU
		{3D07D276-E548-4036-A679-41F41A528A91}.Debug|Any CPU.Build.0 = Debug|Any CPU
		{3D07D276-E548-4036-A679-41F41A528A91}.Debug|x64.ActiveCfg = Debug|Any CPU
		{3D07D276-E548-4036-A679-41F41A528A91}.Debug|x64.Build.0 = Debug|Any CPU
		{3D07D276-E548-4036-A679-41F41A528A91}.Debug|x86.ActiveCfg = Debug|Any CPU
		{3D07D276-E548-4036-A679-41F41A528A91}.Debug|x86.Build.0 = Debug|Any CPU
		{3D07D276-E548-4036-A679-41F41A528A91}.Release|Any CPU.ActiveCfg = Release|Any CPU
		{3D07D276-E548-4036-A679-41F41A528A91}.Release|Any CPU.Build.0 = Release|Any CPU
		{3D07D276-E548-4036-A679-41F41A528A91}.Release|x64.ActiveCfg = Release|Any CPU
		{3D07D276-E548-4036-A679-41F41A528A91}.Release|x64.Build.0 = Release|Any CPU
		{3D07D276-E548-4036-A679-41F41A528A91}.Release|x86.ActiveCfg = Release|Any CPU
		{3D07D276-E548-4036-A679-41F41A528A91}.Release|x86.Build.0 = Release|Any CPU
		{D2DF1FE0-12AF-44CA-ACA3-D7FA94119EBA}.Debug|Any CPU.ActiveCfg = Debug|Any CPU
		{D2DF1FE0-12AF-44CA-ACA3-D7FA94119EBA}.Debug|Any CPU.Build.0 = Debug|Any CPU
		{D2DF1FE0-12AF-44CA-ACA3-D7FA94119EBA}.Debug|x64.ActiveCfg = Debug|Any CPU
		{D2DF1FE0-12AF-44CA-ACA3-D7FA94119EBA}.Debug|x64.Build.0 = Debug|Any CPU
		{D2DF1FE0-12AF-44CA-ACA3-D7FA94119EBA}.Debug|x86.ActiveCfg = Debug|Any CPU
		{D2DF1FE0-12AF-44CA-ACA3-D7FA94119EBA}.Debug|x86.Build.0 = Debug|Any CPU
		{D2DF1FE0-12AF-44CA-ACA3-D7FA94119EBA}.Release|Any CPU.ActiveCfg = Release|Any CPU
		{D2DF1FE0-12AF-44CA-ACA3-D7FA94119EBA}.Release|Any CPU.Build.0 = Release|Any CPU
		{D2DF1FE0-12AF-44CA-ACA3-D7FA94119EBA}.Release|x64.ActiveCfg = Release|Any CPU
		{D2DF1FE0-12AF-44CA-ACA3-D7FA94119EBA}.Release|x64.Build.0 = Release|Any CPU
		{D2DF1FE0-12AF-44CA-ACA3-D7FA94119EBA}.Release|x86.ActiveCfg = Release|Any CPU
		{D2DF1FE0-12AF-44CA-ACA3-D7FA94119EBA}.Release|x86.Build.0 = Release|Any CPU
		{E7DFB97C-1B01-4F57-82C4-57283D01B400}.Debug|Any CPU.ActiveCfg = Debug|Any CPU
		{E7DFB97C-1B01-4F57-82C4-57283D01B400}.Debug|Any CPU.Build.0 = Debug|Any CPU
		{E7DFB97C-1B01-4F57-82C4-57283D01B400}.Debug|x64.ActiveCfg = Debug|Any CPU
		{E7DFB97C-1B01-4F57-82C4-57283D01B400}.Debug|x64.Build.0 = Debug|Any CPU
		{E7DFB97C-1B01-4F57-82C4-57283D01B400}.Debug|x86.ActiveCfg = Debug|Any CPU
		{E7DFB97C-1B01-4F57-82C4-57283D01B400}.Debug|x86.Build.0 = Debug|Any CPU
		{E7DFB97C-1B01-4F57-82C4-57283D01B400}.Release|Any CPU.ActiveCfg = Release|Any CPU
		{E7DFB97C-1B01-4F57-82C4-57283D01B400}.Release|Any CPU.Build.0 = Release|Any CPU
		{E7DFB97C-1B01-4F57-82C4-57283D01B400}.Release|x64.ActiveCfg = Release|Any CPU
		{E7DFB97C-1B01-4F57-82C4-57283D01B400}.Release|x64.Build.0 = Release|Any CPU
		{E7DFB97C-1B01-4F57-82C4-57283D01B400}.Release|x86.ActiveCfg = Release|Any CPU
		{E7DFB97C-1B01-4F57-82C4-57283D01B400}.Release|x86.Build.0 = Release|Any CPU
		{694C12B9-FD23-4391-983B-6E95AADC0440}.Debug|Any CPU.ActiveCfg = Debug|Any CPU
		{694C12B9-FD23-4391-983B-6E95AADC0440}.Debug|Any CPU.Build.0 = Debug|Any CPU
		{694C12B9-FD23-4391-983B-6E95AADC0440}.Debug|x64.ActiveCfg = Debug|Any CPU
		{694C12B9-FD23-4391-983B-6E95AADC0440}.Debug|x64.Build.0 = Debug|Any CPU
		{694C12B9-FD23-4391-983B-6E95AADC0440}.Debug|x86.ActiveCfg = Debug|Any CPU
		{694C12B9-FD23-4391-983B-6E95AADC0440}.Debug|x86.Build.0 = Debug|Any CPU
		{694C12B9-FD23-4391-983B-6E95AADC0440}.Release|Any CPU.ActiveCfg = Release|Any CPU
		{694C12B9-FD23-4391-983B-6E95AADC0440}.Release|Any CPU.Build.0 = Release|Any CPU
		{694C12B9-FD23-4391-983B-6E95AADC0440}.Release|x64.ActiveCfg = Release|Any CPU
		{694C12B9-FD23-4391-983B-6E95AADC0440}.Release|x64.Build.0 = Release|Any CPU
		{694C12B9-FD23-4391-983B-6E95AADC0440}.Release|x86.ActiveCfg = Release|Any CPU
		{694C12B9-FD23-4391-983B-6E95AADC0440}.Release|x86.Build.0 = Release|Any CPU
		{27D71432-3939-4E8C-B96B-A2CA65E190C0}.Debug|Any CPU.ActiveCfg = Debug|Any CPU
		{27D71432-3939-4E8C-B96B-A2CA65E190C0}.Debug|Any CPU.Build.0 = Debug|Any CPU
		{27D71432-3939-4E8C-B96B-A2CA65E190C0}.Debug|x64.ActiveCfg = Debug|Any CPU
		{27D71432-3939-4E8C-B96B-A2CA65E190C0}.Debug|x64.Build.0 = Debug|Any CPU
		{27D71432-3939-4E8C-B96B-A2CA65E190C0}.Debug|x86.ActiveCfg = Debug|Any CPU
		{27D71432-3939-4E8C-B96B-A2CA65E190C0}.Debug|x86.Build.0 = Debug|Any CPU
		{27D71432-3939-4E8C-B96B-A2CA65E190C0}.Release|Any CPU.ActiveCfg = Release|Any CPU
		{27D71432-3939-4E8C-B96B-A2CA65E190C0}.Release|Any CPU.Build.0 = Release|Any CPU
		{27D71432-3939-4E8C-B96B-A2CA65E190C0}.Release|x64.ActiveCfg = Release|Any CPU
		{27D71432-3939-4E8C-B96B-A2CA65E190C0}.Release|x64.Build.0 = Release|Any CPU
		{27D71432-3939-4E8C-B96B-A2CA65E190C0}.Release|x86.ActiveCfg = Release|Any CPU
		{27D71432-3939-4E8C-B96B-A2CA65E190C0}.Release|x86.Build.0 = Release|Any CPU
		{9281EA2C-F9CF-42E4-8E0A-0DFD0072286E}.Debug|Any CPU.ActiveCfg = Debug|Any CPU
		{9281EA2C-F9CF-42E4-8E0A-0DFD0072286E}.Debug|Any CPU.Build.0 = Debug|Any CPU
		{9281EA2C-F9CF-42E4-8E0A-0DFD0072286E}.Debug|x64.ActiveCfg = Debug|Any CPU
		{9281EA2C-F9CF-42E4-8E0A-0DFD0072286E}.Debug|x64.Build.0 = Debug|Any CPU
		{9281EA2C-F9CF-42E4-8E0A-0DFD0072286E}.Debug|x86.ActiveCfg = Debug|Any CPU
		{9281EA2C-F9CF-42E4-8E0A-0DFD0072286E}.Debug|x86.Build.0 = Debug|Any CPU
		{9281EA2C-F9CF-42E4-8E0A-0DFD0072286E}.Release|Any CPU.ActiveCfg = Release|Any CPU
		{9281EA2C-F9CF-42E4-8E0A-0DFD0072286E}.Release|Any CPU.Build.0 = Release|Any CPU
		{9281EA2C-F9CF-42E4-8E0A-0DFD0072286E}.Release|x64.ActiveCfg = Release|Any CPU
		{9281EA2C-F9CF-42E4-8E0A-0DFD0072286E}.Release|x64.Build.0 = Release|Any CPU
		{9281EA2C-F9CF-42E4-8E0A-0DFD0072286E}.Release|x86.ActiveCfg = Release|Any CPU
		{9281EA2C-F9CF-42E4-8E0A-0DFD0072286E}.Release|x86.Build.0 = Release|Any CPU
	EndGlobalSection
	GlobalSection(SolutionProperties) = preSolution
		HideSolutionNode = FALSE
	EndGlobalSection
	GlobalSection(ExtensibilityGlobals) = postSolution
		SolutionGuid = {ABDD1072-46F9-4262-9501-437F285EB34C}
	EndGlobalSection
EndGlobal
